
Microsoft Visual Studio Solution File, Format Version 12.00
# Visual Studio Version 16
VisualStudioVersion = 16.0.31205.134
MinimumVisualStudioVersion = 10.0.40219.1
Project("{FAE04EC0-301F-11D3-BF4B-00C04F79EFBC}") = "LeagueApi", "LeagueApi\LeagueApi.csproj", "{5ED6A638-4AD1-422B-8EA7-89F887D8E366}"
EndProject
Global
	GlobalSection(SolutionConfigurationPlatforms) = preSolution
		Debug|Any CPU = Debug|Any CPU
		Release|Any CPU = Release|Any CPU
	EndGlobalSection
	GlobalSection(ProjectConfigurationPlatforms) = postSolution
		{5ED6A638-4AD1-422B-8EA7-89F887D8E366}.Debug|Any CPU.ActiveCfg = Debug|Any CPU
		{5ED6A638-4AD1-422B-8EA7-89F887D8E366}.Debug|Any CPU.Build.0 = Debug|Any CPU
		{5ED6A638-4AD1-422B-8EA7-89F887D8E366}.Release|Any CPU.ActiveCfg = Release|Any CPU
		{5ED6A638-4AD1-422B-8EA7-89F887D8E366}.Release|Any CPU.Build.0 = Release|Any CPU
	EndGlobalSection
	GlobalSection(SolutionProperties) = preSolution
		HideSolutionNode = FALSE
	EndGlobalSection
	GlobalSection(ExtensibilityGlobals) = postSolution
		SolutionGuid = {0E75D035-FC09-431B-A434-83844B073BAC}
	EndGlobalSection
EndGlobal
